
Microsoft Visual Studio Solution File, Format Version 12.00
# Visual Studio Version 17
VisualStudioVersion = 17.11.35312.102
MinimumVisualStudioVersion = 10.0.40219.1
Project("{FAE04EC0-301F-11D3-BF4B-00C04F79EFBC}") = "WinFormsApp12", "WinFormsApp12\WinFormsApp12.csproj", "{49AFFF51-7FC6-4F5C-A453-524385443638}"
EndProject
Global
	GlobalSection(SolutionConfigurationPlatforms) = preSolution
		Debug|Any CPU = Debug|Any CPU
		Release|Any CPU = Release|Any CPU
	EndGlobalSection
	GlobalSection(ProjectConfigurationPlatforms) = postSolution
		{49AFFF51-7FC6-4F5C-A453-524385443638}.Debug|Any CPU.ActiveCfg = Debug|Any CPU
		{49AFFF51-7FC6-4F5C-A453-524385443638}.Debug|Any CPU.Build.0 = Debug|Any CPU
		{49AFFF51-7FC6-4F5C-A453-524385443638}.Release|Any CPU.ActiveCfg = Release|Any CPU
		{49AFFF51-7FC6-4F5C-A453-524385443638}.Release|Any CPU.Build.0 = Release|Any CPU
	EndGlobalSection
	GlobalSection(SolutionProperties) = preSolution
		HideSolutionNode = FALSE
	EndGlobalSection
	GlobalSection(ExtensibilityGlobals) = postSolution
		SolutionGuid = {5D4912ED-4C2C-45EF-9EA7-3B57D700864F}
	EndGlobalSection
EndGlobal
